
Microsoft Visual Studio Solution File, Format Version 12.00
# Visual Studio Version 16
VisualStudioVersion = 16.0.32002.261
MinimumVisualStudioVersion = 10.0.40219.1
Project("{FAE04EC0-301F-11D3-BF4B-00C04F79EFBC}") = "FundoooApp", "FundoooApp\FundoooApp.csproj", "{5828E321-FC87-44A4-8D2A-FC379A35B724}"
EndProject
Project("{FAE04EC0-301F-11D3-BF4B-00C04F79EFBC}") = "BussinessLayer", "BussinessLayer\BussinessLayer.csproj", "{7ED31CC7-1EB0-46D2-8E40-B000EC66A4A2}"
EndProject
Project("{FAE04EC0-301F-11D3-BF4B-00C04F79EFBC}") = "CommonLayer", "CommonLayer\CommonLayer.csproj", "{F6C6E6D2-C3AE-4518-ADFE-FBDE98124DE5}"
EndProject
Project("{FAE04EC0-301F-11D3-BF4B-00C04F79EFBC}") = "RepositoryLayer", "RepositoryLayer\RepositoryLayer.csproj", "{6DC219FD-5A8C-4637-9D5C-EF88BCC51143}"
EndProject
Global
	GlobalSection(SolutionConfigurationPlatforms) = preSolution
		Debug|Any CPU = Debug|Any CPU
		Release|Any CPU = Release|Any CPU
	EndGlobalSection
	GlobalSection(ProjectConfigurationPlatforms) = postSolution
		{5828E321-FC87-44A4-8D2A-FC379A35B724}.Debug|Any CPU.ActiveCfg = Debug|Any CPU
		{5828E321-FC87-44A4-8D2A-FC379A35B724}.Debug|Any CPU.Build.0 = Debug|Any CPU
		{5828E321-FC87-44A4-8D2A-FC379A35B724}.Release|Any CPU.ActiveCfg = Release|Any CPU
		{5828E321-FC87-44A4-8D2A-FC379A35B724}.Release|Any CPU.Build.0 = Release|Any CPU
		{7ED31CC7-1EB0-46D2-8E40-B000EC66A4A2}.Debug|Any CPU.ActiveCfg = Debug|Any CPU
		{7ED31CC7-1EB0-46D2-8E40-B000EC66A4A2}.Debug|Any CPU.Build.0 = Debug|Any CPU
		{7ED31CC7-1EB0-46D2-8E40-B000EC66A4A2}.Release|Any CPU.ActiveCfg = Release|Any CPU
		{7ED31CC7-1EB0-46D2-8E40-B000EC66A4A2}.Release|Any CPU.Build.0 = Release|Any CPU
		{F6C6E6D2-C3AE-4518-ADFE-FBDE98124DE5}.Debug|Any CPU.ActiveCfg = Debug|Any CPU
		{F6C6E6D2-C3AE-4518-ADFE-FBDE98124DE5}.Debug|Any CPU.Build.0 = Debug|Any CPU
		{F6C6E6D2-C3AE-4518-ADFE-FBDE98124DE5}.Release|Any CPU.ActiveCfg = Release|Any CPU
		{F6C6E6D2-C3AE-4518-ADFE-FBDE98124DE5}.Release|Any CPU.Build.0 = Release|Any CPU
		{6DC219FD-5A8C-4637-9D5C-EF88BCC51143}.Debug|Any CPU.ActiveCfg = Debug|Any CPU
		{6DC219FD-5A8C-4637-9D5C-EF88BCC51143}.Debug|Any CPU.Build.0 = Debug|Any CPU
		{6DC219FD-5A8C-4637-9D5C-EF88BCC51143}.Release|Any CPU.ActiveCfg = Release|Any CPU
		{6DC219FD-5A8C-4637-9D5C-EF88BCC51143}.Release|Any CPU.Build.0 = Release|Any CPU
	EndGlobalSection
	GlobalSection(SolutionProperties) = preSolution
		HideSolutionNode = FALSE
	EndGlobalSection
	GlobalSection(ExtensibilityGlobals) = postSolution
		SolutionGuid = {7295B38D-835E-4EFA-AE87-733072D9420D}
	EndGlobalSection
EndGlobal
